{
  "name": "node",
  "version": "1.0.0",
  "lockfileVersion": 3,
  "requires": true,
  "packages": {
    "": {
      "name": "node",
      "version": "1.0.0",
      "license": "ISC",
      "dependencies": {
        "js-confetti": "^0.12.0",
        "lodash": "^4.17.21"
      }
    },
    "node_modules/js-confetti": {
      "version": "0.12.0",
      "resolved": "https://registry.npmjs.org/js-confetti/-/js-confetti-0.12.0.tgz",
      "integrity": "sha512-1R0Akxn3Zn82pMqW65N1V2NwKkZJ75bvBN/VAb36Ya0YHwbaSiAJZVRr/19HBxH/O8x2x01UFAbYI18VqlDN6g==",
      "license": "MIT"
    },
    "node_modules/lodash": {
      "version": "4.17.21",
      "resolved": "https://registry.npmjs.org/lodash/-/lodash-4.17.21.tgz",
      "integrity": "sha512-v2kDEe57lecTulaDIuNTPy3Ry4gLGJ6Z1O3vE1krgXZNrsQ+LFTGHVxVjcXPs17LhbZVGedAJv8XZ1tvj5FvSg==",
      "license": "MIT"
    }
  }
}
